
Microsoft Visual Studio Solution File, Format Version 12.00
# Visual Studio Version 17
VisualStudioVersion = 17.5.33502.453
MinimumVisualStudioVersion = 10.0.40219.1
Project("{FAE04EC0-301F-11D3-BF4B-00C04F79EFBC}") = "VomasVocaDB", "VomasVocaDB\VomasVocaDB.csproj", "{1C84BF0B-4BAE-4B1D-88F1-CD23C33001C1}"
EndProject
Global
	GlobalSection(SolutionConfigurationPlatforms) = preSolution
		Debug|Any CPU = Debug|Any CPU
		Release|Any CPU = Release|Any CPU
	EndGlobalSection
	GlobalSection(ProjectConfigurationPlatforms) = postSolution
		{1C84BF0B-4BAE-4B1D-88F1-CD23C33001C1}.Debug|Any CPU.ActiveCfg = Debug|Any CPU
		{1C84BF0B-4BAE-4B1D-88F1-CD23C33001C1}.Debug|Any CPU.Build.0 = Debug|Any CPU
		{1C84BF0B-4BAE-4B1D-88F1-CD23C33001C1}.Release|Any CPU.ActiveCfg = Release|Any CPU
		{1C84BF0B-4BAE-4B1D-88F1-CD23C33001C1}.Release|Any CPU.Build.0 = Release|Any CPU
	EndGlobalSection
	GlobalSection(SolutionProperties) = preSolution
		HideSolutionNode = FALSE
	EndGlobalSection
	GlobalSection(ExtensibilityGlobals) = postSolution
		SolutionGuid = {EEFC3D9A-D3C8-48F8-AC93-9F7BA32CB440}
	EndGlobalSection
EndGlobal
